
Microsoft Visual Studio Solution File, Format Version 12.00
# Visual Studio Version 17
VisualStudioVersion = 17.3.32929.385
MinimumVisualStudioVersion = 10.0.40219.1
Project("{FAE04EC0-301F-11D3-BF4B-00C04F79EFBC}") = "ApInfo-Eduardo", "ApInfo-Eduardo.csproj", "{F67EE51D-99D9-4770-9867-6BFBDF8A55D2}"
EndProject
Global
	GlobalSection(SolutionConfigurationPlatforms) = preSolution
		Debug|Any CPU = Debug|Any CPU
		Release|Any CPU = Release|Any CPU
	EndGlobalSection
	GlobalSection(ProjectConfigurationPlatforms) = postSolution
		{F67EE51D-99D9-4770-9867-6BFBDF8A55D2}.Debug|Any CPU.ActiveCfg = Debug|Any CPU
		{F67EE51D-99D9-4770-9867-6BFBDF8A55D2}.Debug|Any CPU.Build.0 = Debug|Any CPU
		{F67EE51D-99D9-4770-9867-6BFBDF8A55D2}.Release|Any CPU.ActiveCfg = Release|Any CPU
		{F67EE51D-99D9-4770-9867-6BFBDF8A55D2}.Release|Any CPU.Build.0 = Release|Any CPU
	EndGlobalSection
	GlobalSection(SolutionProperties) = preSolution
		HideSolutionNode = FALSE
	EndGlobalSection
	GlobalSection(ExtensibilityGlobals) = postSolution
		SolutionGuid = {7AC205AA-F1A1-492A-8DB7-A1337ED9F164}
	EndGlobalSection
EndGlobal
